
Microsoft Visual Studio Solution File, Format Version 12.00
# Visual Studio Version 16
VisualStudioVersion = 16.0.32126.315
MinimumVisualStudioVersion = 10.0.40219.1
Project("{FAE04EC0-301F-11D3-BF4B-00C04F79EFBC}") = "GoruntuIsleme_DersNotlari_CsharpProgramlamaileGoruntuIsleme", "GoruntuIsleme_DersNotlari_CsharpProgramlamaileGoruntuIsleme.csproj", "{9C0CFBFB-652C-4261-A261-8AB98D2B0372}"
EndProject
Global
	GlobalSection(SolutionConfigurationPlatforms) = preSolution
		Debug|Any CPU = Debug|Any CPU
		Release|Any CPU = Release|Any CPU
	EndGlobalSection
	GlobalSection(ProjectConfigurationPlatforms) = postSolution
		{9C0CFBFB-652C-4261-A261-8AB98D2B0372}.Debug|Any CPU.ActiveCfg = Debug|Any CPU
		{9C0CFBFB-652C-4261-A261-8AB98D2B0372}.Debug|Any CPU.Build.0 = Debug|Any CPU
		{9C0CFBFB-652C-4261-A261-8AB98D2B0372}.Release|Any CPU.ActiveCfg = Release|Any CPU
		{9C0CFBFB-652C-4261-A261-8AB98D2B0372}.Release|Any CPU.Build.0 = Release|Any CPU
	EndGlobalSection
	GlobalSection(SolutionProperties) = preSolution
		HideSolutionNode = FALSE
	EndGlobalSection
	GlobalSection(ExtensibilityGlobals) = postSolution
		SolutionGuid = {9E9B0029-6397-4BE3-B2B1-9096BBFE1988}
	EndGlobalSection
EndGlobal
